
Microsoft Visual Studio Solution File, Format Version 12.00
Project("{FAE04EC0-301F-11D3-BF4B-00C04F79EFBC}") = "Idfy.SDK", "Idfy.SDK\Idfy.SDK.csproj", "{792AB709-9AA4-4859-9AF1-DFAA48E43F00}"
EndProject
Global
	GlobalSection(SolutionConfigurationPlatforms) = preSolution
		Debug|Any CPU = Debug|Any CPU
		Release|Any CPU = Release|Any CPU
	EndGlobalSection
	GlobalSection(ProjectConfigurationPlatforms) = postSolution
		{792AB709-9AA4-4859-9AF1-DFAA48E43F00}.Debug|Any CPU.ActiveCfg = Debug|Any CPU
		{792AB709-9AA4-4859-9AF1-DFAA48E43F00}.Debug|Any CPU.Build.0 = Debug|Any CPU
		{792AB709-9AA4-4859-9AF1-DFAA48E43F00}.Release|Any CPU.ActiveCfg = Release|Any CPU
		{792AB709-9AA4-4859-9AF1-DFAA48E43F00}.Release|Any CPU.Build.0 = Release|Any CPU
	EndGlobalSection
EndGlobal
